
Microsoft Visual Studio Solution File, Format Version 12.00
# Visual Studio Version 17
VisualStudioVersion = 17.5.33424.131
MinimumVisualStudioVersion = 10.0.40219.1
Project("{8BC9CEB8-8B4A-11D0-8D11-00A0C91BC942}") = "Launcher", "Launcher\Launcher.vcxproj", "{A2900BFD-3820-47A2-9578-95ADD5E2239D}"
EndProject
Project("{8BC9CEB8-8B4A-11D0-8D11-00A0C91BC942}") = "Core", "Core\Core.vcxproj", "{29BC7668-AE92-4570-8DE1-21CB1BD83D50}"
EndProject
Global
	GlobalSection(SolutionConfigurationPlatforms) = preSolution
		Debug_CrazyInjection|x64 = Debug_CrazyInjection|x64
		Debug_CrazyInjection|x86 = Debug_CrazyInjection|x86
		Debug|x64 = Debug|x64
		Debug|x86 = Debug|x86
		Release|x64 = Release|x64
		Release|x86 = Release|x86
	EndGlobalSection
	GlobalSection(ProjectConfigurationPlatforms) = postSolution
		{A2900BFD-3820-47A2-9578-95ADD5E2239D}.Debug_CrazyInjection|x64.ActiveCfg = Debug_CrazyInjection|x64
		{A2900BFD-3820-47A2-9578-95ADD5E2239D}.Debug_CrazyInjection|x64.Build.0 = Debug_CrazyInjection|x64
		{A2900BFD-3820-47A2-9578-95ADD5E2239D}.Debug_CrazyInjection|x86.ActiveCfg = Debug_CrazyInjection|Win32
		{A2900BFD-3820-47A2-9578-95ADD5E2239D}.Debug_CrazyInjection|x86.Build.0 = Debug_CrazyInjection|Win32
		{A2900BFD-3820-47A2-9578-95ADD5E2239D}.Debug|x64.ActiveCfg = Debug|x64
		{A2900BFD-3820-47A2-9578-95ADD5E2239D}.Debug|x64.Build.0 = Debug|x64
		{A2900BFD-3820-47A2-9578-95ADD5E2239D}.Debug|x86.ActiveCfg = Debug|Win32
		{A2900BFD-3820-47A2-9578-95ADD5E2239D}.Debug|x86.Build.0 = Debug|Win32
		{A2900BFD-3820-47A2-9578-95ADD5E2239D}.Release|x64.ActiveCfg = Release|x64
		{A2900BFD-3820-47A2-9578-95ADD5E2239D}.Release|x64.Build.0 = Release|x64
		{A2900BFD-3820-47A2-9578-95ADD5E2239D}.Release|x86.ActiveCfg = Release|Win32
		{A2900BFD-3820-47A2-9578-95ADD5E2239D}.Release|x86.Build.0 = Release|Win32
		{29BC7668-AE92-4570-8DE1-21CB1BD83D50}.Debug_CrazyInjection|x64.ActiveCfg = Debug_CrazyInjection|x64
		{29BC7668-AE92-4570-8DE1-21CB1BD83D50}.Debug_CrazyInjection|x64.Build.0 = Debug_CrazyInjection|x64
		{29BC7668-AE92-4570-8DE1-21CB1BD83D50}.Debug_CrazyInjection|x86.ActiveCfg = Debug_CrazyInjection|Win32
		{29BC7668-AE92-4570-8DE1-21CB1BD83D50}.Debug_CrazyInjection|x86.Build.0 = Debug_CrazyInjection|Win32
		{29BC7668-AE92-4570-8DE1-21CB1BD83D50}.Debug|x64.ActiveCfg = Debug|x64
		{29BC7668-AE92-4570-8DE1-21CB1BD83D50}.Debug|x64.Build.0 = Debug|x64
		{29BC7668-AE92-4570-8DE1-21CB1BD83D50}.Debug|x86.ActiveCfg = Debug|Win32
		{29BC7668-AE92-4570-8DE1-21CB1BD83D50}.Debug|x86.Build.0 = Debug|Win32
		{29BC7668-AE92-4570-8DE1-21CB1BD83D50}.Release|x64.ActiveCfg = Release|x64
		{29BC7668-AE92-4570-8DE1-21CB1BD83D50}.Release|x64.Build.0 = Release|x64
		{29BC7668-AE92-4570-8DE1-21CB1BD83D50}.Release|x86.ActiveCfg = Release|Win32
		{29BC7668-AE92-4570-8DE1-21CB1BD83D50}.Release|x86.Build.0 = Release|Win32
	EndGlobalSection
	GlobalSection(SolutionProperties) = preSolution
		HideSolutionNode = FALSE
	EndGlobalSection
	GlobalSection(ExtensibilityGlobals) = postSolution
		SolutionGuid = {B4664522-8A39-4CE0-8DE1-8C5A277AF8EF}
	EndGlobalSection
EndGlobal
